Microsoft Visual Studio Solution File, Format Version 12.00
# Visual Studio 2012
Project("{FAE04EC0-301F-11D3-BF4B-00C04F79EFBC}") = "Shaders-demo", "Shaders-demo.csproj", "{E58EBDAB-7CF6-452A-A614-62E1DF791613}"
EndProject
Global
	GlobalSection(SolutionConfigurationPlatforms) = preSolution
	Debug|Any CPU = Debug|Any CPU
	ExportDebug|Any CPU = ExportDebug|Any CPU
	ExportRelease|Any CPU = ExportRelease|Any CPU
	EndGlobalSection
	GlobalSection(ProjectConfigurationPlatforms) = postSolution
		{E58EBDAB-7CF6-452A-A614-62E1DF791613}.Debug|Any CPU.ActiveCfg = Debug|Any CPU
		{E58EBDAB-7CF6-452A-A614-62E1DF791613}.Debug|Any CPU.Build.0 = Debug|Any CPU
		{E58EBDAB-7CF6-452A-A614-62E1DF791613}.ExportDebug|Any CPU.ActiveCfg = ExportDebug|Any CPU
		{E58EBDAB-7CF6-452A-A614-62E1DF791613}.ExportDebug|Any CPU.Build.0 = ExportDebug|Any CPU
		{E58EBDAB-7CF6-452A-A614-62E1DF791613}.ExportRelease|Any CPU.ActiveCfg = ExportRelease|Any CPU
		{E58EBDAB-7CF6-452A-A614-62E1DF791613}.ExportRelease|Any CPU.Build.0 = ExportRelease|Any CPU
	EndGlobalSection
EndGlobal
